
Microsoft Visual Studio Solution File, Format Version 12.00
# Visual Studio Version 17
VisualStudioVersion = 17.13.35931.197 d17.13
MinimumVisualStudioVersion = 10.0.40219.1
Project("{FAE04EC0-301F-11D3-BF4B-00C04F79EFBC}") = "JqueryTutorial", "JqueryTutorial\JqueryTutorial.csproj", "{B66916FE-247F-493E-8D4F-F25063E23602}"
EndProject
Global
	GlobalSection(SolutionConfigurationPlatforms) = preSolution
		Debug|Any CPU = Debug|Any CPU
		Release|Any CPU = Release|Any CPU
	EndGlobalSection
	GlobalSection(ProjectConfigurationPlatforms) = postSolution
		{B66916FE-247F-493E-8D4F-F25063E23602}.Debug|Any CPU.ActiveCfg = Debug|Any CPU
		{B66916FE-247F-493E-8D4F-F25063E23602}.Debug|Any CPU.Build.0 = Debug|Any CPU
		{B66916FE-247F-493E-8D4F-F25063E23602}.Release|Any CPU.ActiveCfg = Release|Any CPU
		{B66916FE-247F-493E-8D4F-F25063E23602}.Release|Any CPU.Build.0 = Release|Any CPU
	EndGlobalSection
	GlobalSection(SolutionProperties) = preSolution
		HideSolutionNode = FALSE
	EndGlobalSection
	GlobalSection(ExtensibilityGlobals) = postSolution
		SolutionGuid = {785EBDF7-3DE9-457B-BA0F-FB053CE98680}
	EndGlobalSection
EndGlobal
